
Microsoft Visual Studio Solution File, Format Version 12.00
# Visual Studio 15
VisualStudioVersion = 15.0.28307.1082
MinimumVisualStudioVersion = 10.0.40219.1
Project("{FAE04EC0-301F-11D3-BF4B-00C04F79EFBC}") = "SpectrumMonitor", "SpectrumMonitor\SpectrumMonitor.csproj", "{C1825841-8C78-40EC-AC75-79F5879AC874}"
	ProjectSection(ProjectDependencies) = postProject
		{DF43BC63-C71B-47C2-9C62-8B48E6358909} = {DF43BC63-C71B-47C2-9C62-8B48E6358909}
		{992B19ED-47A5-42CE-BA38-514F82D70460} = {992B19ED-47A5-42CE-BA38-514F82D70460}
	EndProjectSection
EndProject
Project("{FAE04EC0-301F-11D3-BF4B-00C04F79EFBC}") = "DeviceFunctionDriver", "DeviceFunctionDriver\DeviceFunctionDriver.csproj", "{833705D1-60DE-4B97-BDF8-D9BE498939EF}"
EndProject
Project("{FAE04EC0-301F-11D3-BF4B-00C04F79EFBC}") = "InstrumentDriverCore", "InstrumentDriverCore\InstrumentDriverCore.csproj", "{DF43BC63-C71B-47C2-9C62-8B48E6358909}"
EndProject
Project("{FAE04EC0-301F-11D3-BF4B-00C04F79EFBC}") = "InstrumentDriver", "InstrumentDriver\InstrumentDriver.csproj", "{992B19ED-47A5-42CE-BA38-514F82D70460}"
EndProject
Project("{FAE04EC0-301F-11D3-BF4B-00C04F79EFBC}") = "FirstWebApplication", "WebApplication\FirstWebApplication.csproj", "{ECCCD176-49F7-4DA9-B69B-15E3328E2289}"
EndProject
Global
	GlobalSection(SolutionConfigurationPlatforms) = preSolution
		Debug|Any CPU = Debug|Any CPU
		Debug|x64 = Debug|x64
		Release|Any CPU = Release|Any CPU
		Release|x64 = Release|x64
	EndGlobalSection
	GlobalSection(ProjectConfigurationPlatforms) = postSolution
		{C1825841-8C78-40EC-AC75-79F5879AC874}.Debug|Any CPU.ActiveCfg = Debug|x64
		{C1825841-8C78-40EC-AC75-79F5879AC874}.Debug|Any CPU.Build.0 = Debug|x64
		{C1825841-8C78-40EC-AC75-79F5879AC874}.Debug|Any CPU.Deploy.0 = Debug|x64
		{C1825841-8C78-40EC-AC75-79F5879AC874}.Debug|x64.ActiveCfg = Debug|x64
		{C1825841-8C78-40EC-AC75-79F5879AC874}.Debug|x64.Build.0 = Debug|x64
		{C1825841-8C78-40EC-AC75-79F5879AC874}.Release|Any CPU.ActiveCfg = Release|Any CPU
		{C1825841-8C78-40EC-AC75-79F5879AC874}.Release|Any CPU.Build.0 = Release|Any CPU
		{C1825841-8C78-40EC-AC75-79F5879AC874}.Release|x64.ActiveCfg = Release|x64
		{C1825841-8C78-40EC-AC75-79F5879AC874}.Release|x64.Build.0 = Release|x64
		{833705D1-60DE-4B97-BDF8-D9BE498939EF}.Debug|Any CPU.ActiveCfg = Debug|Any CPU
		{833705D1-60DE-4B97-BDF8-D9BE498939EF}.Debug|Any CPU.Build.0 = Debug|Any CPU
		{833705D1-60DE-4B97-BDF8-D9BE498939EF}.Debug|x64.ActiveCfg = Debug|Any CPU
		{833705D1-60DE-4B97-BDF8-D9BE498939EF}.Debug|x64.Build.0 = Debug|Any CPU
		{833705D1-60DE-4B97-BDF8-D9BE498939EF}.Release|Any CPU.ActiveCfg = Release|Any CPU
		{833705D1-60DE-4B97-BDF8-D9BE498939EF}.Release|Any CPU.Build.0 = Release|Any CPU
		{833705D1-60DE-4B97-BDF8-D9BE498939EF}.Release|x64.ActiveCfg = Release|Any CPU
		{833705D1-60DE-4B97-BDF8-D9BE498939EF}.Release|x64.Build.0 = Release|Any CPU
		{DF43BC63-C71B-47C2-9C62-8B48E6358909}.Debug|Any CPU.ActiveCfg = Debug|Any CPU
		{DF43BC63-C71B-47C2-9C62-8B48E6358909}.Debug|Any CPU.Build.0 = Debug|Any CPU
		{DF43BC63-C71B-47C2-9C62-8B48E6358909}.Debug|x64.ActiveCfg = Debug|Any CPU
		{DF43BC63-C71B-47C2-9C62-8B48E6358909}.Debug|x64.Build.0 = Debug|Any CPU
		{DF43BC63-C71B-47C2-9C62-8B48E6358909}.Release|Any CPU.ActiveCfg = Release|Any CPU
		{DF43BC63-C71B-47C2-9C62-8B48E6358909}.Release|Any CPU.Build.0 = Release|Any CPU
		{DF43BC63-C71B-47C2-9C62-8B48E6358909}.Release|x64.ActiveCfg = Release|Any CPU
		{DF43BC63-C71B-47C2-9C62-8B48E6358909}.Release|x64.Build.0 = Release|Any CPU
		{992B19ED-47A5-42CE-BA38-514F82D70460}.Debug|Any CPU.ActiveCfg = Debug|Any CPU
		{992B19ED-47A5-42CE-BA38-514F82D70460}.Debug|Any CPU.Build.0 = Debug|Any CPU
		{992B19ED-47A5-42CE-BA38-514F82D70460}.Debug|x64.ActiveCfg = Debug|Any CPU
		{992B19ED-47A5-42CE-BA38-514F82D70460}.Debug|x64.Build.0 = Debug|Any CPU
		{992B19ED-47A5-42CE-BA38-514F82D70460}.Release|Any CPU.ActiveCfg = Release|Any CPU
		{992B19ED-47A5-42CE-BA38-514F82D70460}.Release|Any CPU.Build.0 = Release|Any CPU
		{992B19ED-47A5-42CE-BA38-514F82D70460}.Release|x64.ActiveCfg = Release|Any CPU
		{992B19ED-47A5-42CE-BA38-514F82D70460}.Release|x64.Build.0 = Release|Any CPU
		{ECCCD176-49F7-4DA9-B69B-15E3328E2289}.Debug|Any CPU.ActiveCfg = Debug|Any CPU
		{ECCCD176-49F7-4DA9-B69B-15E3328E2289}.Debug|Any CPU.Build.0 = Debug|Any CPU
		{ECCCD176-49F7-4DA9-B69B-15E3328E2289}.Debug|x64.ActiveCfg = Debug|Any CPU
		{ECCCD176-49F7-4DA9-B69B-15E3328E2289}.Debug|x64.Build.0 = Debug|Any CPU
		{ECCCD176-49F7-4DA9-B69B-15E3328E2289}.Release|Any CPU.ActiveCfg = Release|Any CPU
		{ECCCD176-49F7-4DA9-B69B-15E3328E2289}.Release|Any CPU.Build.0 = Release|Any CPU
		{ECCCD176-49F7-4DA9-B69B-15E3328E2289}.Release|x64.ActiveCfg = Release|Any CPU
		{ECCCD176-49F7-4DA9-B69B-15E3328E2289}.Release|x64.Build.0 = Release|Any CPU
	EndGlobalSection
	GlobalSection(SolutionProperties) = preSolution
		HideSolutionNode = FALSE
	EndGlobalSection
	GlobalSection(ExtensibilityGlobals) = postSolution
		SolutionGuid = {5D6AB538-A819-4F9A-AA09-A0FB7E5BCA6D}
	EndGlobalSection
EndGlobal
